
Microsoft Visual Studio Solution File, Format Version 12.00
# Visual Studio 15
Project("{FAE04EC0-301F-11D3-BF4B-00C04F79EFBC}") = "archives.gateway", "archives.gateway\archives.gateway.csproj", "{DBA10F26-918D-4A0D-AE77-6D55B9579D0D}"
EndProject
Project("{FAE04EC0-301F-11D3-BF4B-00C04F79EFBC}") = "archives.identityserver", "archives.identityserver\archives.identityserver.csproj", "{8F884B03-7998-475F-9483-1F80A75B31FD}"
EndProject
Project("{2150E333-8FDC-42A3-9474-1A3956D46DE8}") = "Solution Items", "Solution Items", "{CB6032AB-77C0-4A87-915D-10F358723640}"
	ProjectSection(SolutionItems) = preProject
		readme.md = readme.md
		.gitignore = .gitignore
	EndProjectSection
EndProject
Project("{FAE04EC0-301F-11D3-BF4B-00C04F79EFBC}") = "archives.service.dal", "archives.service.dal\archives.service.dal.csproj", "{8A876D26-1DE8-4453-871B-DCB50F033D00}"
EndProject
Project("{FAE04EC0-301F-11D3-BF4B-00C04F79EFBC}") = "archives.service.api", "archives.service.api\archives.service.api.csproj", "{CB468BAF-A022-430E-8507-3CB75F4AA6AA}"
EndProject
Project("{FAE04EC0-301F-11D3-BF4B-00C04F79EFBC}") = "archives.service.biz", "archives.service.biz\archives.service.biz.csproj", "{5FD9790F-E2C3-4545-A00B-831849B30C60}"
EndProject
Global
	GlobalSection(SolutionConfigurationPlatforms) = preSolution
		Debug|Any CPU = Debug|Any CPU
		Release|Any CPU = Release|Any CPU
	EndGlobalSection
	GlobalSection(ProjectConfigurationPlatforms) = postSolution
		{DBA10F26-918D-4A0D-AE77-6D55B9579D0D}.Debug|Any CPU.ActiveCfg = Debug|Any CPU
		{DBA10F26-918D-4A0D-AE77-6D55B9579D0D}.Debug|Any CPU.Build.0 = Debug|Any CPU
		{DBA10F26-918D-4A0D-AE77-6D55B9579D0D}.Release|Any CPU.ActiveCfg = Release|Any CPU
		{DBA10F26-918D-4A0D-AE77-6D55B9579D0D}.Release|Any CPU.Build.0 = Release|Any CPU
		{8F884B03-7998-475F-9483-1F80A75B31FD}.Debug|Any CPU.ActiveCfg = Debug|Any CPU
		{8F884B03-7998-475F-9483-1F80A75B31FD}.Debug|Any CPU.Build.0 = Debug|Any CPU
		{8F884B03-7998-475F-9483-1F80A75B31FD}.Release|Any CPU.ActiveCfg = Release|Any CPU
		{8F884B03-7998-475F-9483-1F80A75B31FD}.Release|Any CPU.Build.0 = Release|Any CPU
		{8A876D26-1DE8-4453-871B-DCB50F033D00}.Debug|Any CPU.ActiveCfg = Debug|Any CPU
		{8A876D26-1DE8-4453-871B-DCB50F033D00}.Debug|Any CPU.Build.0 = Debug|Any CPU
		{8A876D26-1DE8-4453-871B-DCB50F033D00}.Release|Any CPU.ActiveCfg = Release|Any CPU
		{8A876D26-1DE8-4453-871B-DCB50F033D00}.Release|Any CPU.Build.0 = Release|Any CPU
		{CB468BAF-A022-430E-8507-3CB75F4AA6AA}.Debug|Any CPU.ActiveCfg = Debug|Any CPU
		{CB468BAF-A022-430E-8507-3CB75F4AA6AA}.Debug|Any CPU.Build.0 = Debug|Any CPU
		{CB468BAF-A022-430E-8507-3CB75F4AA6AA}.Release|Any CPU.ActiveCfg = Release|Any CPU
		{CB468BAF-A022-430E-8507-3CB75F4AA6AA}.Release|Any CPU.Build.0 = Release|Any CPU
		{5FD9790F-E2C3-4545-A00B-831849B30C60}.Debug|Any CPU.ActiveCfg = Debug|Any CPU
		{5FD9790F-E2C3-4545-A00B-831849B30C60}.Debug|Any CPU.Build.0 = Debug|Any CPU
		{5FD9790F-E2C3-4545-A00B-831849B30C60}.Release|Any CPU.ActiveCfg = Release|Any CPU
		{5FD9790F-E2C3-4545-A00B-831849B30C60}.Release|Any CPU.Build.0 = Release|Any CPU
	EndGlobalSection
	GlobalSection(NestedProjects) = preSolution
	EndGlobalSection
EndGlobal
